Microsoft Visual Studio Solution File, Format Version 12.00
# Visual Studio Version 16
VisualStudioVersion = 16.0.28621.142
MinimumVisualStudioVersion = 10.0.40219.1
Project("{9A19103F-16F7-4668-BE54-9A1E7A4F7556}") = "Oqtane.ChatHubs.Client", "Client\Oqtane.ChatHubs.Client.csproj", "{AA8E58A1-CD09-4208-BF66-A8BB341FD669}"
EndProject
Project("{9A19103F-16F7-4668-BE54-9A1E7A4F7556}") = "Oqtane.ChatHubs.Server", "Server\Oqtane.ChatHubs.Server.csproj", "{04B05448-788F-433D-92C0-FED35122D45A}"
EndProject
Project("{9A19103F-16F7-4668-BE54-9A1E7A4F7556}") = "Oqtane.ChatHubs.Shared", "Shared\Oqtane.ChatHubs.Shared.csproj", "{18D73F73-D7BE-4388-85BA-FBD9AC96FCA2}"
EndProject
Project("{9A19103F-16F7-4668-BE54-9A1E7A4F7556}") = "Oqtane.ChatHubs.Package", "Package\Oqtane.ChatHubs.Package.csproj", "{C5CE512D-CBB7-4545-AF0F-9B6591A0C3A7}"
EndProject
Project("{9A19103F-16F7-4668-BE54-9A1E7A4F7556}") = "BlazorAlerts", "BlazorAlerts\BlazorAlerts.csproj", "{B5D1B551-35BD-4512-B65A-8426005EC8A2}"
EndProject
Project("{9A19103F-16F7-4668-BE54-9A1E7A4F7556}") = "Mobile.Blazor.Chathubs", "Mobile\Mobile.Blazor.Chathubs\Mobile.Blazor.Chathubs.csproj", "{FD0A2CCC-2664-4B70-BD2C-5D39245895EF}"
EndProject
Project("{FAE04EC0-301F-11D3-BF4B-00C04F79EFBC}") = "Mobile.Blazor.Chathubs.Android", "Mobile\Mobile.Blazor.Chathubs.Android\Mobile.Blazor.Chathubs.Android.csproj", "{C6515658-F2E0-411E-B3C1-7BC91EAC273F}"
EndProject
Project("{FAE04EC0-301F-11D3-BF4B-00C04F79EFBC}") = "Mobile.Blazor.Chathubs.iOS", "Mobile\Mobile.Blazor.Chathubs.iOS\Mobile.Blazor.Chathubs.iOS.csproj", "{198B82CF-7FB6-407E-BA1C-E7D9F28A821B}"
EndProject
Project("{9A19103F-16F7-4668-BE54-9A1E7A4F7556}") = "BlazorWindows", "BlazorWindows\BlazorWindows.csproj", "{39C78991-3C3E-4ABC-8F9E-7FA32DDD2501}"
EndProject
Project("{9A19103F-16F7-4668-BE54-9A1E7A4F7556}") = "BlazorPager", "BlazorPager\BlazorPager.csproj", "{7DD2B998-C24D-4632-A69D-F689D406F7EE}"
EndProject
Project("{9A19103F-16F7-4668-BE54-9A1E7A4F7556}") = "BlazorDraggableList", "BlazorDraggableList\BlazorDraggableList.csproj", "{2A9E17CF-A6AE-4505-92AA-15D2D9D1E7DE}"
EndProject
Project("{9A19103F-16F7-4668-BE54-9A1E7A4F7556}") = "BlazorFileUpload", "BlazorFileUpload\BlazorFileUpload.csproj", "{54A165C3-4EAC-4E0C-854E-0174D0B42E8F}"
EndProject
Project("{9A19103F-16F7-4668-BE54-9A1E7A4F7556}") = "BlazorTabs", "BlazorTabs\BlazorTabs.csproj", "{A4837789-BDFF-47BB-B8DF-BD7C98B53464}"
EndProject
Project("{9A19103F-16F7-4668-BE54-9A1E7A4F7556}") = "BlazorModal", "BlazorModal\BlazorModal.csproj", "{D050FC12-D08B-4533-BEA3-97611DD465E3}"
EndProject
Project("{9A19103F-16F7-4668-BE54-9A1E7A4F7556}") = "BlazorSelect", "BlazorSelect\BlazorSelect.csproj", "{965CF4D8-EB3C-4831-884E-080C93926BE7}"
EndProject
Project("{9A19103F-16F7-4668-BE54-9A1E7A4F7556}") = "BlazorAccordion", "BlazorAccordion\BlazorAccordion.csproj", "{5E931E10-F983-4CAB-90BA-CB3F26DCD9CA}"
EndProject
Project("{9A19103F-16F7-4668-BE54-9A1E7A4F7556}") = "BlazorWasm", "BlazorWasm\BlazorWasm.csproj", "{3DBF6D12-5E2E-41F5-B706-BB70D6387D35}"
EndProject
Project("{9A19103F-16F7-4668-BE54-9A1E7A4F7556}") = "BlazorTouchMenu", "BlazorTouchMenu\BlazorTouchMenu.csproj", "{B2A7AC3B-618B-43ED-A6BC-3C203CDCCF19}"
EndProject
Project("{9A19103F-16F7-4668-BE54-9A1E7A4F7556}") = "BlazorTabMenu", "BlazorTabMenu\BlazorTabMenu.csproj", "{5BC5FE1B-C3AF-43AC-9296-F97532B1CFB1}"
EndProject
Project("{9A19103F-16F7-4668-BE54-9A1E7A4F7556}") = "BlazorDropdown", "BlazorDropdown\BlazorDropdown.csproj", "{42EF6326-4156-4157-A211-CE1953827D58}"
EndProject
Project("{9A19103F-16F7-4668-BE54-9A1E7A4F7556}") = "BlazorColorPicker", "BlazorColorPicker\BlazorColorPicker.csproj", "{7ACD450D-64F4-4001-8180-98CA4B951C5A}"
EndProject
Project("{9A19103F-16F7-4668-BE54-9A1E7A4F7556}") = "BlazorVideo", "BlazorVideo\BlazorVideo.csproj", "{022C1DAB-D2C5-4410-985A-A922A4A3D200}"
EndProject
Project("{FAE04EC0-301F-11D3-BF4B-00C04F79EFBC}") = "BlazorBrowserResize", "BlazorBrowserResize\BlazorBrowserResize.csproj", "{31D8888E-C4D2-41C3-AFF9-CEAF4C2F776B}"
EndProject
Global
	GlobalSection(SolutionConfigurationPlatforms) = preSolution
		Debug|Any CPU = Debug|Any CPU
		Debug|iPhone = Debug|iPhone
		Debug|iPhoneSimulator = Debug|iPhoneSimulator
		Release|Any CPU = Release|Any CPU
		Release|iPhone = Release|iPhone
		Release|iPhoneSimulator = Release|iPhoneSimulator
		Wasm|Any CPU = Wasm|Any CPU
		Wasm|iPhone = Wasm|iPhone
		Wasm|iPhoneSimulator = Wasm|iPhoneSimulator
	EndGlobalSection
	GlobalSection(ProjectConfigurationPlatforms) = postSolution
		{AA8E58A1-CD09-4208-BF66-A8BB341FD669}.Debug|Any CPU.ActiveCfg = Debug|Any CPU
		{AA8E58A1-CD09-4208-BF66-A8BB341FD669}.Debug|Any CPU.Build.0 = Debug|Any CPU
		{AA8E58A1-CD09-4208-BF66-A8BB341FD669}.Debug|iPhone.ActiveCfg = Debug|Any CPU
		{AA8E58A1-CD09-4208-BF66-A8BB341FD669}.Debug|iPhone.Build.0 = Debug|Any CPU
		{AA8E58A1-CD09-4208-BF66-A8BB341FD669}.Debug|iPhoneSimulator.ActiveCfg = Debug|Any CPU
		{AA8E58A1-CD09-4208-BF66-A8BB341FD669}.Debug|iPhoneSimulator.Build.0 = Debug|Any CPU
		{AA8E58A1-CD09-4208-BF66-A8BB341FD669}.Release|Any CPU.ActiveCfg = Release|Any CPU
		{AA8E58A1-CD09-4208-BF66-A8BB341FD669}.Release|Any CPU.Build.0 = Release|Any CPU
		{AA8E58A1-CD09-4208-BF66-A8BB341FD669}.Release|iPhone.ActiveCfg = Release|Any CPU
		{AA8E58A1-CD09-4208-BF66-A8BB341FD669}.Release|iPhone.Build.0 = Release|Any CPU
		{AA8E58A1-CD09-4208-BF66-A8BB341FD669}.Release|iPhoneSimulator.ActiveCfg = Release|Any CPU
		{AA8E58A1-CD09-4208-BF66-A8BB341FD669}.Release|iPhoneSimulator.Build.0 = Release|Any CPU
		{AA8E58A1-CD09-4208-BF66-A8BB341FD669}.Wasm|Any CPU.ActiveCfg = Release|Any CPU
		{AA8E58A1-CD09-4208-BF66-A8BB341FD669}.Wasm|Any CPU.Build.0 = Release|Any CPU
		{AA8E58A1-CD09-4208-BF66-A8BB341FD669}.Wasm|iPhone.ActiveCfg = Release|Any CPU
		{AA8E58A1-CD09-4208-BF66-A8BB341FD669}.Wasm|iPhone.Build.0 = Release|Any CPU
		{AA8E58A1-CD09-4208-BF66-A8BB341FD669}.Wasm|iPhoneSimulator.ActiveCfg = Release|Any CPU
		{AA8E58A1-CD09-4208-BF66-A8BB341FD669}.Wasm|iPhoneSimulator.Build.0 = Release|Any CPU
		{04B05448-788F-433D-92C0-FED35122D45A}.Debug|Any CPU.ActiveCfg = Debug|Any CPU
		{04B05448-788F-433D-92C0-FED35122D45A}.Debug|Any CPU.Build.0 = Debug|Any CPU
		{04B05448-788F-433D-92C0-FED35122D45A}.Debug|iPhone.ActiveCfg = Debug|Any CPU
		{04B05448-788F-433D-92C0-FED35122D45A}.Debug|iPhone.Build.0 = Debug|Any CPU
		{04B05448-788F-433D-92C0-FED35122D45A}.Debug|iPhoneSimulator.ActiveCfg = Debug|Any CPU
		{04B05448-788F-433D-92C0-FED35122D45A}.Debug|iPhoneSimulator.Build.0 = Debug|Any CPU
		{04B05448-788F-433D-92C0-FED35122D45A}.Release|Any CPU.ActiveCfg = Release|Any CPU
		{04B05448-788F-433D-92C0-FED35122D45A}.Release|Any CPU.Build.0 = Release|Any CPU
		{04B05448-788F-433D-92C0-FED35122D45A}.Release|iPhone.ActiveCfg = Release|Any CPU
		{04B05448-788F-433D-92C0-FED35122D45A}.Release|iPhone.Build.0 = Release|Any CPU
		{04B05448-788F-433D-92C0-FED35122D45A}.Release|iPhoneSimulator.ActiveCfg = Release|Any CPU
		{04B05448-788F-433D-92C0-FED35122D45A}.Release|iPhoneSimulator.Build.0 = Release|Any CPU
		{04B05448-788F-433D-92C0-FED35122D45A}.Wasm|Any CPU.ActiveCfg = Release|Any CPU
		{04B05448-788F-433D-92C0-FED35122D45A}.Wasm|Any CPU.Build.0 = Release|Any CPU
		{04B05448-788F-433D-92C0-FED35122D45A}.Wasm|iPhone.ActiveCfg = Release|Any CPU
		{04B05448-788F-433D-92C0-FED35122D45A}.Wasm|iPhone.Build.0 = Release|Any CPU
		{04B05448-788F-433D-92C0-FED35122D45A}.Wasm|iPhoneSimulator.ActiveCfg = Release|Any CPU
		{04B05448-788F-433D-92C0-FED35122D45A}.Wasm|iPhoneSimulator.Build.0 = Release|Any CPU
		{18D73F73-D7BE-4388-85BA-FBD9AC96FCA2}.Debug|Any CPU.ActiveCfg = Debug|Any CPU
		{18D73F73-D7BE-4388-85BA-FBD9AC96FCA2}.Debug|Any CPU.Build.0 = Debug|Any CPU
		{18D73F73-D7BE-4388-85BA-FBD9AC96FCA2}.Debug|iPhone.ActiveCfg = Debug|Any CPU
		{18D73F73-D7BE-4388-85BA-FBD9AC96FCA2}.Debug|iPhone.Build.0 = Debug|Any CPU
		{18D73F73-D7BE-4388-85BA-FBD9AC96FCA2}.Debug|iPhoneSimulator.ActiveCfg = Debug|Any CPU
		{18D73F73-D7BE-4388-85BA-FBD9AC96FCA2}.Debug|iPhoneSimulator.Build.0 = Debug|Any CPU
		{18D73F73-D7BE-4388-85BA-FBD9AC96FCA2}.Release|Any CPU.ActiveCfg = Release|Any CPU
		{18D73F73-D7BE-4388-85BA-FBD9AC96FCA2}.Release|Any CPU.Build.0 = Release|Any CPU
		{18D73F73-D7BE-4388-85BA-FBD9AC96FCA2}.Release|iPhone.ActiveCfg = Release|Any CPU
		{18D73F73-D7BE-4388-85BA-FBD9AC96FCA2}.Release|iPhone.Build.0 = Release|Any CPU
		{18D73F73-D7BE-4388-85BA-FBD9AC96FCA2}.Release|iPhoneSimulator.ActiveCfg = Release|Any CPU
		{18D73F73-D7BE-4388-85BA-FBD9AC96FCA2}.Release|iPhoneSimulator.Build.0 = Release|Any CPU
		{18D73F73-D7BE-4388-85BA-FBD9AC96FCA2}.Wasm|Any CPU.ActiveCfg = Release|Any CPU
		{18D73F73-D7BE-4388-85BA-FBD9AC96FCA2}.Wasm|Any CPU.Build.0 = Release|Any CPU
		{18D73F73-D7BE-4388-85BA-FBD9AC96FCA2}.Wasm|iPhone.ActiveCfg = Release|Any CPU
		{18D73F73-D7BE-4388-85BA-FBD9AC96FCA2}.Wasm|iPhone.Build.0 = Release|Any CPU
		{18D73F73-D7BE-4388-85BA-FBD9AC96FCA2}.Wasm|iPhoneSimulator.ActiveCfg = Release|Any CPU
		{18D73F73-D7BE-4388-85BA-FBD9AC96FCA2}.Wasm|iPhoneSimulator.Build.0 = Release|Any CPU
		{C5CE512D-CBB7-4545-AF0F-9B6591A0C3A7}.Debug|Any CPU.ActiveCfg = Debug|Any CPU
		{C5CE512D-CBB7-4545-AF0F-9B6591A0C3A7}.Debug|Any CPU.Build.0 = Debug|Any CPU
		{C5CE512D-CBB7-4545-AF0F-9B6591A0C3A7}.Debug|iPhone.ActiveCfg = Debug|Any CPU
		{C5CE512D-CBB7-4545-AF0F-9B6591A0C3A7}.Debug|iPhone.Build.0 = Debug|Any CPU
		{C5CE512D-CBB7-4545-AF0F-9B6591A0C3A7}.Debug|iPhoneSimulator.ActiveCfg = Debug|Any CPU
		{C5CE512D-CBB7-4545-AF0F-9B6591A0C3A7}.Debug|iPhoneSimulator.Build.0 = Debug|Any CPU
		{C5CE512D-CBB7-4545-AF0F-9B6591A0C3A7}.Release|Any CPU.ActiveCfg = Release|Any CPU
		{C5CE512D-CBB7-4545-AF0F-9B6591A0C3A7}.Release|Any CPU.Build.0 = Release|Any CPU
		{C5CE512D-CBB7-4545-AF0F-9B6591A0C3A7}.Release|iPhone.ActiveCfg = Release|Any CPU
		{C5CE512D-CBB7-4545-AF0F-9B6591A0C3A7}.Release|iPhone.Build.0 = Release|Any CPU
		{C5CE512D-CBB7-4545-AF0F-9B6591A0C3A7}.Release|iPhoneSimulator.ActiveCfg = Release|Any CPU
		{C5CE512D-CBB7-4545-AF0F-9B6591A0C3A7}.Release|iPhoneSimulator.Build.0 = Release|Any CPU
		{C5CE512D-CBB7-4545-AF0F-9B6591A0C3A7}.Wasm|Any CPU.ActiveCfg = Debug|Any CPU
		{C5CE512D-CBB7-4545-AF0F-9B6591A0C3A7}.Wasm|Any CPU.Build.0 = Debug|Any CPU
		{C5CE512D-CBB7-4545-AF0F-9B6591A0C3A7}.Wasm|iPhone.ActiveCfg = Release|Any CPU
		{C5CE512D-CBB7-4545-AF0F-9B6591A0C3A7}.Wasm|iPhone.Build.0 = Release|Any CPU
		{C5CE512D-CBB7-4545-AF0F-9B6591A0C3A7}.Wasm|iPhoneSimulator.ActiveCfg = Release|Any CPU
		{C5CE512D-CBB7-4545-AF0F-9B6591A0C3A7}.Wasm|iPhoneSimulator.Build.0 = Release|Any CPU
		{B5D1B551-35BD-4512-B65A-8426005EC8A2}.Debug|Any CPU.ActiveCfg = Debug|Any CPU
		{B5D1B551-35BD-4512-B65A-8426005EC8A2}.Debug|Any CPU.Build.0 = Debug|Any CPU
		{B5D1B551-35BD-4512-B65A-8426005EC8A2}.Debug|iPhone.ActiveCfg = Debug|Any CPU
		{B5D1B551-35BD-4512-B65A-8426005EC8A2}.Debug|iPhone.Build.0 = Debug|Any CPU
		{B5D1B551-35BD-4512-B65A-8426005EC8A2}.Debug|iPhoneSimulator.ActiveCfg = Debug|Any CPU
		{B5D1B551-35BD-4512-B65A-8426005EC8A2}.Debug|iPhoneSimulator.Build.0 = Debug|Any CPU
		{B5D1B551-35BD-4512-B65A-8426005EC8A2}.Release|Any CPU.ActiveCfg = Release|Any CPU
		{B5D1B551-35BD-4512-B65A-8426005EC8A2}.Release|Any CPU.Build.0 = Release|Any CPU
		{B5D1B551-35BD-4512-B65A-8426005EC8A2}.Release|iPhone.ActiveCfg = Release|Any CPU
		{B5D1B551-35BD-4512-B65A-8426005EC8A2}.Release|iPhone.Build.0 = Release|Any CPU
		{B5D1B551-35BD-4512-B65A-8426005EC8A2}.Release|iPhoneSimulator.ActiveCfg = Release|Any CPU
		{B5D1B551-35BD-4512-B65A-8426005EC8A2}.Release|iPhoneSimulator.Build.0 = Release|Any CPU
		{B5D1B551-35BD-4512-B65A-8426005EC8A2}.Wasm|Any CPU.ActiveCfg = Debug|Any CPU
		{B5D1B551-35BD-4512-B65A-8426005EC8A2}.Wasm|Any CPU.Build.0 = Debug|Any CPU
		{B5D1B551-35BD-4512-B65A-8426005EC8A2}.Wasm|iPhone.ActiveCfg = Release|Any CPU
		{B5D1B551-35BD-4512-B65A-8426005EC8A2}.Wasm|iPhone.Build.0 = Release|Any CPU
		{B5D1B551-35BD-4512-B65A-8426005EC8A2}.Wasm|iPhoneSimulator.ActiveCfg = Release|Any CPU
		{B5D1B551-35BD-4512-B65A-8426005EC8A2}.Wasm|iPhoneSimulator.Build.0 = Release|Any CPU
		{FD0A2CCC-2664-4B70-BD2C-5D39245895EF}.Debug|Any CPU.ActiveCfg = Debug|Any CPU
		{FD0A2CCC-2664-4B70-BD2C-5D39245895EF}.Debug|Any CPU.Build.0 = Debug|Any CPU
		{FD0A2CCC-2664-4B70-BD2C-5D39245895EF}.Debug|iPhone.ActiveCfg = Debug|Any CPU
		{FD0A2CCC-2664-4B70-BD2C-5D39245895EF}.Debug|iPhone.Build.0 = Debug|Any CPU
		{FD0A2CCC-2664-4B70-BD2C-5D39245895EF}.Debug|iPhoneSimulator.ActiveCfg = Debug|Any CPU
		{FD0A2CCC-2664-4B70-BD2C-5D39245895EF}.Debug|iPhoneSimulator.Build.0 = Debug|Any CPU
		{FD0A2CCC-2664-4B70-BD2C-5D39245895EF}.Release|Any CPU.ActiveCfg = Release|Any CPU
		{FD0A2CCC-2664-4B70-BD2C-5D39245895EF}.Release|Any CPU.Build.0 = Release|Any CPU
		{FD0A2CCC-2664-4B70-BD2C-5D39245895EF}.Release|iPhone.ActiveCfg = Release|Any CPU
		{FD0A2CCC-2664-4B70-BD2C-5D39245895EF}.Release|iPhone.Build.0 = Release|Any CPU
		{FD0A2CCC-2664-4B70-BD2C-5D39245895EF}.Release|iPhoneSimulator.ActiveCfg = Release|Any CPU
		{FD0A2CCC-2664-4B70-BD2C-5D39245895EF}.Release|iPhoneSimulator.Build.0 = Release|Any CPU
		{FD0A2CCC-2664-4B70-BD2C-5D39245895EF}.Wasm|Any CPU.ActiveCfg = Debug|Any CPU
		{FD0A2CCC-2664-4B70-BD2C-5D39245895EF}.Wasm|Any CPU.Build.0 = Debug|Any CPU
		{FD0A2CCC-2664-4B70-BD2C-5D39245895EF}.Wasm|iPhone.ActiveCfg = Debug|Any CPU
		{FD0A2CCC-2664-4B70-BD2C-5D39245895EF}.Wasm|iPhone.Build.0 = Debug|Any CPU
		{FD0A2CCC-2664-4B70-BD2C-5D39245895EF}.Wasm|iPhoneSimulator.ActiveCfg = Debug|Any CPU
		{FD0A2CCC-2664-4B70-BD2C-5D39245895EF}.Wasm|iPhoneSimulator.Build.0 = Debug|Any CPU
		{C6515658-F2E0-411E-B3C1-7BC91EAC273F}.Debug|Any CPU.ActiveCfg = Debug|Any CPU
		{C6515658-F2E0-411E-B3C1-7BC91EAC273F}.Debug|Any CPU.Build.0 = Debug|Any CPU
		{C6515658-F2E0-411E-B3C1-7BC91EAC273F}.Debug|Any CPU.Deploy.0 = Debug|Any CPU
		{C6515658-F2E0-411E-B3C1-7BC91EAC273F}.Debug|iPhone.ActiveCfg = Debug|Any CPU
		{C6515658-F2E0-411E-B3C1-7BC91EAC273F}.Debug|iPhone.Build.0 = Debug|Any CPU
		{C6515658-F2E0-411E-B3C1-7BC91EAC273F}.Debug|iPhone.Deploy.0 = Debug|Any CPU
		{C6515658-F2E0-411E-B3C1-7BC91EAC273F}.Debug|iPhoneSimulator.ActiveCfg = Debug|Any CPU
		{C6515658-F2E0-411E-B3C1-7BC91EAC273F}.Debug|iPhoneSimulator.Build.0 = Debug|Any CPU
		{C6515658-F2E0-411E-B3C1-7BC91EAC273F}.Debug|iPhoneSimulator.Deploy.0 = Debug|Any CPU
		{C6515658-F2E0-411E-B3C1-7BC91EAC273F}.Release|Any CPU.ActiveCfg = Release|Any CPU
		{C6515658-F2E0-411E-B3C1-7BC91EAC273F}.Release|Any CPU.Build.0 = Release|Any CPU
		{C6515658-F2E0-411E-B3C1-7BC91EAC273F}.Release|Any CPU.Deploy.0 = Release|Any CPU
		{C6515658-F2E0-411E-B3C1-7BC91EAC273F}.Release|iPhone.ActiveCfg = Release|Any CPU
		{C6515658-F2E0-411E-B3C1-7BC91EAC273F}.Release|iPhone.Build.0 = Release|Any CPU
		{C6515658-F2E0-411E-B3C1-7BC91EAC273F}.Release|iPhone.Deploy.0 = Release|Any CPU
		{C6515658-F2E0-411E-B3C1-7BC91EAC273F}.Release|iPhoneSimulator.ActiveCfg = Release|Any CPU
		{C6515658-F2E0-411E-B3C1-7BC91EAC273F}.Release|iPhoneSimulator.Build.0 = Release|Any CPU
		{C6515658-F2E0-411E-B3C1-7BC91EAC273F}.Release|iPhoneSimulator.Deploy.0 = Release|Any CPU
		{C6515658-F2E0-411E-B3C1-7BC91EAC273F}.Wasm|Any CPU.ActiveCfg = Release|Any CPU
		{C6515658-F2E0-411E-B3C1-7BC91EAC273F}.Wasm|Any CPU.Build.0 = Release|Any CPU
		{C6515658-F2E0-411E-B3C1-7BC91EAC273F}.Wasm|Any CPU.Deploy.0 = Release|Any CPU
		{C6515658-F2E0-411E-B3C1-7BC91EAC273F}.Wasm|iPhone.ActiveCfg = Release|Any CPU
		{C6515658-F2E0-411E-B3C1-7BC91EAC273F}.Wasm|iPhone.Build.0 = Release|Any CPU
		{C6515658-F2E0-411E-B3C1-7BC91EAC273F}.Wasm|iPhone.Deploy.0 = Release|Any CPU
		{C6515658-F2E0-411E-B3C1-7BC91EAC273F}.Wasm|iPhoneSimulator.ActiveCfg = Release|Any CPU
		{C6515658-F2E0-411E-B3C1-7BC91EAC273F}.Wasm|iPhoneSimulator.Build.0 = Release|Any CPU
		{C6515658-F2E0-411E-B3C1-7BC91EAC273F}.Wasm|iPhoneSimulator.Deploy.0 = Release|Any CPU
		{198B82CF-7FB6-407E-BA1C-E7D9F28A821B}.Debug|Any CPU.ActiveCfg = Debug|iPhone
		{198B82CF-7FB6-407E-BA1C-E7D9F28A821B}.Debug|iPhone.ActiveCfg = Debug|iPhone
		{198B82CF-7FB6-407E-BA1C-E7D9F28A821B}.Debug|iPhone.Build.0 = Debug|iPhone
		{198B82CF-7FB6-407E-BA1C-E7D9F28A821B}.Debug|iPhoneSimulator.ActiveCfg = Debug|iPhoneSimulator
		{198B82CF-7FB6-407E-BA1C-E7D9F28A821B}.Debug|iPhoneSimulator.Build.0 = Debug|iPhoneSimulator
		{198B82CF-7FB6-407E-BA1C-E7D9F28A821B}.Release|Any CPU.ActiveCfg = Release|iPhone
		{198B82CF-7FB6-407E-BA1C-E7D9F28A821B}.Release|iPhone.ActiveCfg = Release|iPhone
		{198B82CF-7FB6-407E-BA1C-E7D9F28A821B}.Release|iPhone.Build.0 = Release|iPhone
		{198B82CF-7FB6-407E-BA1C-E7D9F28A821B}.Release|iPhoneSimulator.ActiveCfg = Release|iPhoneSimulator
		{198B82CF-7FB6-407E-BA1C-E7D9F28A821B}.Release|iPhoneSimulator.Build.0 = Release|iPhoneSimulator
		{198B82CF-7FB6-407E-BA1C-E7D9F28A821B}.Wasm|Any CPU.ActiveCfg = Release|iPhone
		{198B82CF-7FB6-407E-BA1C-E7D9F28A821B}.Wasm|Any CPU.Build.0 = Release|iPhone
		{198B82CF-7FB6-407E-BA1C-E7D9F28A821B}.Wasm|iPhone.ActiveCfg = Release|iPhone
		{198B82CF-7FB6-407E-BA1C-E7D9F28A821B}.Wasm|iPhone.Build.0 = Release|iPhone
		{198B82CF-7FB6-407E-BA1C-E7D9F28A821B}.Wasm|iPhoneSimulator.ActiveCfg = Release|iPhoneSimulator
		{198B82CF-7FB6-407E-BA1C-E7D9F28A821B}.Wasm|iPhoneSimulator.Build.0 = Release|iPhoneSimulator
		{39C78991-3C3E-4ABC-8F9E-7FA32DDD2501}.Debug|Any CPU.ActiveCfg = Debug|Any CPU
		{39C78991-3C3E-4ABC-8F9E-7FA32DDD2501}.Debug|Any CPU.Build.0 = Debug|Any CPU
		{39C78991-3C3E-4ABC-8F9E-7FA32DDD2501}.Debug|iPhone.ActiveCfg = Debug|Any CPU
		{39C78991-3C3E-4ABC-8F9E-7FA32DDD2501}.Debug|iPhone.Build.0 = Debug|Any CPU
		{39C78991-3C3E-4ABC-8F9E-7FA32DDD2501}.Debug|iPhoneSimulator.ActiveCfg = Debug|Any CPU
		{39C78991-3C3E-4ABC-8F9E-7FA32DDD2501}.Debug|iPhoneSimulator.Build.0 = Debug|Any CPU
		{39C78991-3C3E-4ABC-8F9E-7FA32DDD2501}.Release|Any CPU.ActiveCfg = Release|Any CPU
		{39C78991-3C3E-4ABC-8F9E-7FA32DDD2501}.Release|Any CPU.Build.0 = Release|Any CPU
		{39C78991-3C3E-4ABC-8F9E-7FA32DDD2501}.Release|iPhone.ActiveCfg = Release|Any CPU
		{39C78991-3C3E-4ABC-8F9E-7FA32DDD2501}.Release|iPhone.Build.0 = Release|Any CPU
		{39C78991-3C3E-4ABC-8F9E-7FA32DDD2501}.Release|iPhoneSimulator.ActiveCfg = Release|Any CPU
		{39C78991-3C3E-4ABC-8F9E-7FA32DDD2501}.Release|iPhoneSimulator.Build.0 = Release|Any CPU
		{39C78991-3C3E-4ABC-8F9E-7FA32DDD2501}.Wasm|Any CPU.ActiveCfg = Debug|Any CPU
		{39C78991-3C3E-4ABC-8F9E-7FA32DDD2501}.Wasm|Any CPU.Build.0 = Debug|Any CPU
		{39C78991-3C3E-4ABC-8F9E-7FA32DDD2501}.Wasm|iPhone.ActiveCfg = Debug|Any CPU
		{39C78991-3C3E-4ABC-8F9E-7FA32DDD2501}.Wasm|iPhone.Build.0 = Debug|Any CPU
		{39C78991-3C3E-4ABC-8F9E-7FA32DDD2501}.Wasm|iPhoneSimulator.ActiveCfg = Debug|Any CPU
		{39C78991-3C3E-4ABC-8F9E-7FA32DDD2501}.Wasm|iPhoneSimulator.Build.0 = Debug|Any CPU
		{7DD2B998-C24D-4632-A69D-F689D406F7EE}.Debug|Any CPU.ActiveCfg = Debug|Any CPU
		{7DD2B998-C24D-4632-A69D-F689D406F7EE}.Debug|Any CPU.Build.0 = Debug|Any CPU
		{7DD2B998-C24D-4632-A69D-F689D406F7EE}.Debug|iPhone.ActiveCfg = Debug|Any CPU
		{7DD2B998-C24D-4632-A69D-F689D406F7EE}.Debug|iPhone.Build.0 = Debug|Any CPU
		{7DD2B998-C24D-4632-A69D-F689D406F7EE}.Debug|iPhoneSimulator.ActiveCfg = Debug|Any CPU
		{7DD2B998-C24D-4632-A69D-F689D406F7EE}.Debug|iPhoneSimulator.Build.0 = Debug|Any CPU
		{7DD2B998-C24D-4632-A69D-F689D406F7EE}.Release|Any CPU.ActiveCfg = Release|Any CPU
		{7DD2B998-C24D-4632-A69D-F689D406F7EE}.Release|Any CPU.Build.0 = Release|Any CPU
		{7DD2B998-C24D-4632-A69D-F689D406F7EE}.Release|iPhone.ActiveCfg = Release|Any CPU
		{7DD2B998-C24D-4632-A69D-F689D406F7EE}.Release|iPhone.Build.0 = Release|Any CPU
		{7DD2B998-C24D-4632-A69D-F689D406F7EE}.Release|iPhoneSimulator.ActiveCfg = Release|Any CPU
		{7DD2B998-C24D-4632-A69D-F689D406F7EE}.Release|iPhoneSimulator.Build.0 = Release|Any CPU
		{7DD2B998-C24D-4632-A69D-F689D406F7EE}.Wasm|Any CPU.ActiveCfg = Debug|Any CPU
		{7DD2B998-C24D-4632-A69D-F689D406F7EE}.Wasm|Any CPU.Build.0 = Debug|Any CPU
		{7DD2B998-C24D-4632-A69D-F689D406F7EE}.Wasm|iPhone.ActiveCfg = Debug|Any CPU
		{7DD2B998-C24D-4632-A69D-F689D406F7EE}.Wasm|iPhone.Build.0 = Debug|Any CPU
		{7DD2B998-C24D-4632-A69D-F689D406F7EE}.Wasm|iPhoneSimulator.ActiveCfg = Debug|Any CPU
		{7DD2B998-C24D-4632-A69D-F689D406F7EE}.Wasm|iPhoneSimulator.Build.0 = Debug|Any CPU
		{2A9E17CF-A6AE-4505-92AA-15D2D9D1E7DE}.Debug|Any CPU.ActiveCfg = Debug|Any CPU
		{2A9E17CF-A6AE-4505-92AA-15D2D9D1E7DE}.Debug|Any CPU.Build.0 = Debug|Any CPU
		{2A9E17CF-A6AE-4505-92AA-15D2D9D1E7DE}.Debug|iPhone.ActiveCfg = Debug|Any CPU
		{2A9E17CF-A6AE-4505-92AA-15D2D9D1E7DE}.Debug|iPhone.Build.0 = Debug|Any CPU
		{2A9E17CF-A6AE-4505-92AA-15D2D9D1E7DE}.Debug|iPhoneSimulator.ActiveCfg = Debug|Any CPU
		{2A9E17CF-A6AE-4505-92AA-15D2D9D1E7DE}.Debug|iPhoneSimulator.Build.0 = Debug|Any CPU
		{2A9E17CF-A6AE-4505-92AA-15D2D9D1E7DE}.Release|Any CPU.ActiveCfg = Release|Any CPU
		{2A9E17CF-A6AE-4505-92AA-15D2D9D1E7DE}.Release|Any CPU.Build.0 = Release|Any CPU
		{2A9E17CF-A6AE-4505-92AA-15D2D9D1E7DE}.Release|iPhone.ActiveCfg = Release|Any CPU
		{2A9E17CF-A6AE-4505-92AA-15D2D9D1E7DE}.Release|iPhone.Build.0 = Release|Any CPU
		{2A9E17CF-A6AE-4505-92AA-15D2D9D1E7DE}.Release|iPhoneSimulator.ActiveCfg = Release|Any CPU
		{2A9E17CF-A6AE-4505-92AA-15D2D9D1E7DE}.Release|iPhoneSimulator.Build.0 = Release|Any CPU
		{2A9E17CF-A6AE-4505-92AA-15D2D9D1E7DE}.Wasm|Any CPU.ActiveCfg = Debug|Any CPU
		{2A9E17CF-A6AE-4505-92AA-15D2D9D1E7DE}.Wasm|Any CPU.Build.0 = Debug|Any CPU
		{2A9E17CF-A6AE-4505-92AA-15D2D9D1E7DE}.Wasm|iPhone.ActiveCfg = Debug|Any CPU
		{2A9E17CF-A6AE-4505-92AA-15D2D9D1E7DE}.Wasm|iPhone.Build.0 = Debug|Any CPU
		{2A9E17CF-A6AE-4505-92AA-15D2D9D1E7DE}.Wasm|iPhoneSimulator.ActiveCfg = Debug|Any CPU
		{2A9E17CF-A6AE-4505-92AA-15D2D9D1E7DE}.Wasm|iPhoneSimulator.Build.0 = Debug|Any CPU
		{54A165C3-4EAC-4E0C-854E-0174D0B42E8F}.Debug|Any CPU.ActiveCfg = Debug|Any CPU
		{54A165C3-4EAC-4E0C-854E-0174D0B42E8F}.Debug|Any CPU.Build.0 = Debug|Any CPU
		{54A165C3-4EAC-4E0C-854E-0174D0B42E8F}.Debug|iPhone.ActiveCfg = Debug|Any CPU
		{54A165C3-4EAC-4E0C-854E-0174D0B42E8F}.Debug|iPhone.Build.0 = Debug|Any CPU
		{54A165C3-4EAC-4E0C-854E-0174D0B42E8F}.Debug|iPhoneSimulator.ActiveCfg = Debug|Any CPU
		{54A165C3-4EAC-4E0C-854E-0174D0B42E8F}.Debug|iPhoneSimulator.Build.0 = Debug|Any CPU
		{54A165C3-4EAC-4E0C-854E-0174D0B42E8F}.Release|Any CPU.ActiveCfg = Release|Any CPU
		{54A165C3-4EAC-4E0C-854E-0174D0B42E8F}.Release|Any CPU.Build.0 = Release|Any CPU
		{54A165C3-4EAC-4E0C-854E-0174D0B42E8F}.Release|iPhone.ActiveCfg = Release|Any CPU
		{54A165C3-4EAC-4E0C-854E-0174D0B42E8F}.Release|iPhone.Build.0 = Release|Any CPU
		{54A165C3-4EAC-4E0C-854E-0174D0B42E8F}.Release|iPhoneSimulator.ActiveCfg = Release|Any CPU
		{54A165C3-4EAC-4E0C-854E-0174D0B42E8F}.Release|iPhoneSimulator.Build.0 = Release|Any CPU
		{54A165C3-4EAC-4E0C-854E-0174D0B42E8F}.Wasm|Any CPU.ActiveCfg = Debug|Any CPU
		{54A165C3-4EAC-4E0C-854E-0174D0B42E8F}.Wasm|Any CPU.Build.0 = Debug|Any CPU
		{54A165C3-4EAC-4E0C-854E-0174D0B42E8F}.Wasm|iPhone.ActiveCfg = Debug|Any CPU
		{54A165C3-4EAC-4E0C-854E-0174D0B42E8F}.Wasm|iPhone.Build.0 = Debug|Any CPU
		{54A165C3-4EAC-4E0C-854E-0174D0B42E8F}.Wasm|iPhoneSimulator.ActiveCfg = Debug|Any CPU
		{54A165C3-4EAC-4E0C-854E-0174D0B42E8F}.Wasm|iPhoneSimulator.Build.0 = Debug|Any CPU
		{A4837789-BDFF-47BB-B8DF-BD7C98B53464}.Debug|Any CPU.ActiveCfg = Debug|Any CPU
		{A4837789-BDFF-47BB-B8DF-BD7C98B53464}.Debug|Any CPU.Build.0 = Debug|Any CPU
		{A4837789-BDFF-47BB-B8DF-BD7C98B53464}.Debug|iPhone.ActiveCfg = Debug|Any CPU
		{A4837789-BDFF-47BB-B8DF-BD7C98B53464}.Debug|iPhone.Build.0 = Debug|Any CPU
		{A4837789-BDFF-47BB-B8DF-BD7C98B53464}.Debug|iPhoneSimulator.ActiveCfg = Debug|Any CPU
		{A4837789-BDFF-47BB-B8DF-BD7C98B53464}.Debug|iPhoneSimulator.Build.0 = Debug|Any CPU
		{A4837789-BDFF-47BB-B8DF-BD7C98B53464}.Release|Any CPU.ActiveCfg = Release|Any CPU
		{A4837789-BDFF-47BB-B8DF-BD7C98B53464}.Release|Any CPU.Build.0 = Release|Any CPU
		{A4837789-BDFF-47BB-B8DF-BD7C98B53464}.Release|iPhone.ActiveCfg = Release|Any CPU
		{A4837789-BDFF-47BB-B8DF-BD7C98B53464}.Release|iPhone.Build.0 = Release|Any CPU
		{A4837789-BDFF-47BB-B8DF-BD7C98B53464}.Release|iPhoneSimulator.ActiveCfg = Release|Any CPU
		{A4837789-BDFF-47BB-B8DF-BD7C98B53464}.Release|iPhoneSimulator.Build.0 = Release|Any CPU
		{A4837789-BDFF-47BB-B8DF-BD7C98B53464}.Wasm|Any CPU.ActiveCfg = Debug|Any CPU
		{A4837789-BDFF-47BB-B8DF-BD7C98B53464}.Wasm|Any CPU.Build.0 = Debug|Any CPU
		{A4837789-BDFF-47BB-B8DF-BD7C98B53464}.Wasm|iPhone.ActiveCfg = Debug|Any CPU
		{A4837789-BDFF-47BB-B8DF-BD7C98B53464}.Wasm|iPhone.Build.0 = Debug|Any CPU
		{A4837789-BDFF-47BB-B8DF-BD7C98B53464}.Wasm|iPhoneSimulator.ActiveCfg = Debug|Any CPU
		{A4837789-BDFF-47BB-B8DF-BD7C98B53464}.Wasm|iPhoneSimulator.Build.0 = Debug|Any CPU
		{D050FC12-D08B-4533-BEA3-97611DD465E3}.Debug|Any CPU.ActiveCfg = Debug|Any CPU
		{D050FC12-D08B-4533-BEA3-97611DD465E3}.Debug|Any CPU.Build.0 = Debug|Any CPU
		{D050FC12-D08B-4533-BEA3-97611DD465E3}.Debug|iPhone.ActiveCfg = Debug|Any CPU
		{D050FC12-D08B-4533-BEA3-97611DD465E3}.Debug|iPhone.Build.0 = Debug|Any CPU
		{D050FC12-D08B-4533-BEA3-97611DD465E3}.Debug|iPhoneSimulator.ActiveCfg = Debug|Any CPU
		{D050FC12-D08B-4533-BEA3-97611DD465E3}.Debug|iPhoneSimulator.Build.0 = Debug|Any CPU
		{D050FC12-D08B-4533-BEA3-97611DD465E3}.Release|Any CPU.ActiveCfg = Release|Any CPU
		{D050FC12-D08B-4533-BEA3-97611DD465E3}.Release|Any CPU.Build.0 = Release|Any CPU
		{D050FC12-D08B-4533-BEA3-97611DD465E3}.Release|iPhone.ActiveCfg = Release|Any CPU
		{D050FC12-D08B-4533-BEA3-97611DD465E3}.Release|iPhone.Build.0 = Release|Any CPU
		{D050FC12-D08B-4533-BEA3-97611DD465E3}.Release|iPhoneSimulator.ActiveCfg = Release|Any CPU
		{D050FC12-D08B-4533-BEA3-97611DD465E3}.Release|iPhoneSimulator.Build.0 = Release|Any CPU
		{D050FC12-D08B-4533-BEA3-97611DD465E3}.Wasm|Any CPU.ActiveCfg = Debug|Any CPU
		{D050FC12-D08B-4533-BEA3-97611DD465E3}.Wasm|Any CPU.Build.0 = Debug|Any CPU
		{D050FC12-D08B-4533-BEA3-97611DD465E3}.Wasm|iPhone.ActiveCfg = Debug|Any CPU
		{D050FC12-D08B-4533-BEA3-97611DD465E3}.Wasm|iPhone.Build.0 = Debug|Any CPU
		{D050FC12-D08B-4533-BEA3-97611DD465E3}.Wasm|iPhoneSimulator.ActiveCfg = Debug|Any CPU
		{D050FC12-D08B-4533-BEA3-97611DD465E3}.Wasm|iPhoneSimulator.Build.0 = Debug|Any CPU
		{965CF4D8-EB3C-4831-884E-080C93926BE7}.Debug|Any CPU.ActiveCfg = Debug|Any CPU
		{965CF4D8-EB3C-4831-884E-080C93926BE7}.Debug|Any CPU.Build.0 = Debug|Any CPU
		{965CF4D8-EB3C-4831-884E-080C93926BE7}.Debug|iPhone.ActiveCfg = Debug|Any CPU
		{965CF4D8-EB3C-4831-884E-080C93926BE7}.Debug|iPhone.Build.0 = Debug|Any CPU
		{965CF4D8-EB3C-4831-884E-080C93926BE7}.Debug|iPhoneSimulator.ActiveCfg = Debug|Any CPU
		{965CF4D8-EB3C-4831-884E-080C93926BE7}.Debug|iPhoneSimulator.Build.0 = Debug|Any CPU
		{965CF4D8-EB3C-4831-884E-080C93926BE7}.Release|Any CPU.ActiveCfg = Release|Any CPU
		{965CF4D8-EB3C-4831-884E-080C93926BE7}.Release|Any CPU.Build.0 = Release|Any CPU
		{965CF4D8-EB3C-4831-884E-080C93926BE7}.Release|iPhone.ActiveCfg = Release|Any CPU
		{965CF4D8-EB3C-4831-884E-080C93926BE7}.Release|iPhone.Build.0 = Release|Any CPU
		{965CF4D8-EB3C-4831-884E-080C93926BE7}.Release|iPhoneSimulator.ActiveCfg = Release|Any CPU
		{965CF4D8-EB3C-4831-884E-080C93926BE7}.Release|iPhoneSimulator.Build.0 = Release|Any CPU
		{965CF4D8-EB3C-4831-884E-080C93926BE7}.Wasm|Any CPU.ActiveCfg = Debug|Any CPU
		{965CF4D8-EB3C-4831-884E-080C93926BE7}.Wasm|Any CPU.Build.0 = Debug|Any CPU
		{965CF4D8-EB3C-4831-884E-080C93926BE7}.Wasm|iPhone.ActiveCfg = Debug|Any CPU
		{965CF4D8-EB3C-4831-884E-080C93926BE7}.Wasm|iPhone.Build.0 = Debug|Any CPU
		{965CF4D8-EB3C-4831-884E-080C93926BE7}.Wasm|iPhoneSimulator.ActiveCfg = Debug|Any CPU
		{965CF4D8-EB3C-4831-884E-080C93926BE7}.Wasm|iPhoneSimulator.Build.0 = Debug|Any CPU
		{5E931E10-F983-4CAB-90BA-CB3F26DCD9CA}.Debug|Any CPU.ActiveCfg = Debug|Any CPU
		{5E931E10-F983-4CAB-90BA-CB3F26DCD9CA}.Debug|Any CPU.Build.0 = Debug|Any CPU
		{5E931E10-F983-4CAB-90BA-CB3F26DCD9CA}.Debug|iPhone.ActiveCfg = Debug|Any CPU
		{5E931E10-F983-4CAB-90BA-CB3F26DCD9CA}.Debug|iPhone.Build.0 = Debug|Any CPU
		{5E931E10-F983-4CAB-90BA-CB3F26DCD9CA}.Debug|iPhoneSimulator.ActiveCfg = Debug|Any CPU
		{5E931E10-F983-4CAB-90BA-CB3F26DCD9CA}.Debug|iPhoneSimulator.Build.0 = Debug|Any CPU
		{5E931E10-F983-4CAB-90BA-CB3F26DCD9CA}.Release|Any CPU.ActiveCfg = Release|Any CPU
		{5E931E10-F983-4CAB-90BA-CB3F26DCD9CA}.Release|Any CPU.Build.0 = Release|Any CPU
		{5E931E10-F983-4CAB-90BA-CB3F26DCD9CA}.Release|iPhone.ActiveCfg = Release|Any CPU
		{5E931E10-F983-4CAB-90BA-CB3F26DCD9CA}.Release|iPhone.Build.0 = Release|Any CPU
		{5E931E10-F983-4CAB-90BA-CB3F26DCD9CA}.Release|iPhoneSimulator.ActiveCfg = Release|Any CPU
		{5E931E10-F983-4CAB-90BA-CB3F26DCD9CA}.Release|iPhoneSimulator.Build.0 = Release|Any CPU
		{5E931E10-F983-4CAB-90BA-CB3F26DCD9CA}.Wasm|Any CPU.ActiveCfg = Debug|Any CPU
		{5E931E10-F983-4CAB-90BA-CB3F26DCD9CA}.Wasm|Any CPU.Build.0 = Debug|Any CPU
		{5E931E10-F983-4CAB-90BA-CB3F26DCD9CA}.Wasm|iPhone.ActiveCfg = Debug|Any CPU
		{5E931E10-F983-4CAB-90BA-CB3F26DCD9CA}.Wasm|iPhone.Build.0 = Debug|Any CPU
		{5E931E10-F983-4CAB-90BA-CB3F26DCD9CA}.Wasm|iPhoneSimulator.ActiveCfg = Debug|Any CPU
		{5E931E10-F983-4CAB-90BA-CB3F26DCD9CA}.Wasm|iPhoneSimulator.Build.0 = Debug|Any CPU
		{3DBF6D12-5E2E-41F5-B706-BB70D6387D35}.Debug|Any CPU.ActiveCfg = Debug|Any CPU
		{3DBF6D12-5E2E-41F5-B706-BB70D6387D35}.Debug|Any CPU.Build.0 = Debug|Any CPU
		{3DBF6D12-5E2E-41F5-B706-BB70D6387D35}.Debug|iPhone.ActiveCfg = Debug|Any CPU
		{3DBF6D12-5E2E-41F5-B706-BB70D6387D35}.Debug|iPhone.Build.0 = Debug|Any CPU
		{3DBF6D12-5E2E-41F5-B706-BB70D6387D35}.Debug|iPhoneSimulator.ActiveCfg = Debug|Any CPU
		{3DBF6D12-5E2E-41F5-B706-BB70D6387D35}.Debug|iPhoneSimulator.Build.0 = Debug|Any CPU
		{3DBF6D12-5E2E-41F5-B706-BB70D6387D35}.Release|Any CPU.ActiveCfg = Release|Any CPU
		{3DBF6D12-5E2E-41F5-B706-BB70D6387D35}.Release|Any CPU.Build.0 = Release|Any CPU
		{3DBF6D12-5E2E-41F5-B706-BB70D6387D35}.Release|iPhone.ActiveCfg = Release|Any CPU
		{3DBF6D12-5E2E-41F5-B706-BB70D6387D35}.Release|iPhone.Build.0 = Release|Any CPU
		{3DBF6D12-5E2E-41F5-B706-BB70D6387D35}.Release|iPhoneSimulator.ActiveCfg = Release|Any CPU
		{3DBF6D12-5E2E-41F5-B706-BB70D6387D35}.Release|iPhoneSimulator.Build.0 = Release|Any CPU
		{3DBF6D12-5E2E-41F5-B706-BB70D6387D35}.Wasm|Any CPU.ActiveCfg = Debug|Any CPU
		{3DBF6D12-5E2E-41F5-B706-BB70D6387D35}.Wasm|Any CPU.Build.0 = Debug|Any CPU
		{3DBF6D12-5E2E-41F5-B706-BB70D6387D35}.Wasm|iPhone.ActiveCfg = Debug|Any CPU
		{3DBF6D12-5E2E-41F5-B706-BB70D6387D35}.Wasm|iPhone.Build.0 = Debug|Any CPU
		{3DBF6D12-5E2E-41F5-B706-BB70D6387D35}.Wasm|iPhoneSimulator.ActiveCfg = Debug|Any CPU
		{3DBF6D12-5E2E-41F5-B706-BB70D6387D35}.Wasm|iPhoneSimulator.Build.0 = Debug|Any CPU
		{B2A7AC3B-618B-43ED-A6BC-3C203CDCCF19}.Debug|Any CPU.ActiveCfg = Debug|Any CPU
		{B2A7AC3B-618B-43ED-A6BC-3C203CDCCF19}.Debug|Any CPU.Build.0 = Debug|Any CPU
		{B2A7AC3B-618B-43ED-A6BC-3C203CDCCF19}.Debug|iPhone.ActiveCfg = Debug|Any CPU
		{B2A7AC3B-618B-43ED-A6BC-3C203CDCCF19}.Debug|iPhone.Build.0 = Debug|Any CPU
		{B2A7AC3B-618B-43ED-A6BC-3C203CDCCF19}.Debug|iPhoneSimulator.ActiveCfg = Debug|Any CPU
		{B2A7AC3B-618B-43ED-A6BC-3C203CDCCF19}.Debug|iPhoneSimulator.Build.0 = Debug|Any CPU
		{B2A7AC3B-618B-43ED-A6BC-3C203CDCCF19}.Release|Any CPU.ActiveCfg = Release|Any CPU
		{B2A7AC3B-618B-43ED-A6BC-3C203CDCCF19}.Release|Any CPU.Build.0 = Release|Any CPU
		{B2A7AC3B-618B-43ED-A6BC-3C203CDCCF19}.Release|iPhone.ActiveCfg = Release|Any CPU
		{B2A7AC3B-618B-43ED-A6BC-3C203CDCCF19}.Release|iPhone.Build.0 = Release|Any CPU
		{B2A7AC3B-618B-43ED-A6BC-3C203CDCCF19}.Release|iPhoneSimulator.ActiveCfg = Release|Any CPU
		{B2A7AC3B-618B-43ED-A6BC-3C203CDCCF19}.Release|iPhoneSimulator.Build.0 = Release|Any CPU
		{B2A7AC3B-618B-43ED-A6BC-3C203CDCCF19}.Wasm|Any CPU.ActiveCfg = Debug|Any CPU
		{B2A7AC3B-618B-43ED-A6BC-3C203CDCCF19}.Wasm|Any CPU.Build.0 = Debug|Any CPU
		{B2A7AC3B-618B-43ED-A6BC-3C203CDCCF19}.Wasm|iPhone.ActiveCfg = Debug|Any CPU
		{B2A7AC3B-618B-43ED-A6BC-3C203CDCCF19}.Wasm|iPhone.Build.0 = Debug|Any CPU
		{B2A7AC3B-618B-43ED-A6BC-3C203CDCCF19}.Wasm|iPhoneSimulator.ActiveCfg = Debug|Any CPU
		{B2A7AC3B-618B-43ED-A6BC-3C203CDCCF19}.Wasm|iPhoneSimulator.Build.0 = Debug|Any CPU
		{5BC5FE1B-C3AF-43AC-9296-F97532B1CFB1}.Debug|Any CPU.ActiveCfg = Debug|Any CPU
		{5BC5FE1B-C3AF-43AC-9296-F97532B1CFB1}.Debug|Any CPU.Build.0 = Debug|Any CPU
		{5BC5FE1B-C3AF-43AC-9296-F97532B1CFB1}.Debug|iPhone.ActiveCfg = Debug|Any CPU
		{5BC5FE1B-C3AF-43AC-9296-F97532B1CFB1}.Debug|iPhone.Build.0 = Debug|Any CPU
		{5BC5FE1B-C3AF-43AC-9296-F97532B1CFB1}.Debug|iPhoneSimulator.ActiveCfg = Debug|Any CPU
		{5BC5FE1B-C3AF-43AC-9296-F97532B1CFB1}.Debug|iPhoneSimulator.Build.0 = Debug|Any CPU
		{5BC5FE1B-C3AF-43AC-9296-F97532B1CFB1}.Release|Any CPU.ActiveCfg = Release|Any CPU
		{5BC5FE1B-C3AF-43AC-9296-F97532B1CFB1}.Release|Any CPU.Build.0 = Release|Any CPU
		{5BC5FE1B-C3AF-43AC-9296-F97532B1CFB1}.Release|iPhone.ActiveCfg = Release|Any CPU
		{5BC5FE1B-C3AF-43AC-9296-F97532B1CFB1}.Release|iPhone.Build.0 = Release|Any CPU
		{5BC5FE1B-C3AF-43AC-9296-F97532B1CFB1}.Release|iPhoneSimulator.ActiveCfg = Release|Any CPU
		{5BC5FE1B-C3AF-43AC-9296-F97532B1CFB1}.Release|iPhoneSimulator.Build.0 = Release|Any CPU
		{5BC5FE1B-C3AF-43AC-9296-F97532B1CFB1}.Wasm|Any CPU.ActiveCfg = Debug|Any CPU
		{5BC5FE1B-C3AF-43AC-9296-F97532B1CFB1}.Wasm|Any CPU.Build.0 = Debug|Any CPU
		{5BC5FE1B-C3AF-43AC-9296-F97532B1CFB1}.Wasm|iPhone.ActiveCfg = Debug|Any CPU
		{5BC5FE1B-C3AF-43AC-9296-F97532B1CFB1}.Wasm|iPhone.Build.0 = Debug|Any CPU
		{5BC5FE1B-C3AF-43AC-9296-F97532B1CFB1}.Wasm|iPhoneSimulator.ActiveCfg = Debug|Any CPU
		{5BC5FE1B-C3AF-43AC-9296-F97532B1CFB1}.Wasm|iPhoneSimulator.Build.0 = Debug|Any CPU
		{42EF6326-4156-4157-A211-CE1953827D58}.Debug|Any CPU.ActiveCfg = Debug|Any CPU
		{42EF6326-4156-4157-A211-CE1953827D58}.Debug|Any CPU.Build.0 = Debug|Any CPU
		{42EF6326-4156-4157-A211-CE1953827D58}.Debug|iPhone.ActiveCfg = Debug|Any CPU
		{42EF6326-4156-4157-A211-CE1953827D58}.Debug|iPhone.Build.0 = Debug|Any CPU
		{42EF6326-4156-4157-A211-CE1953827D58}.Debug|iPhoneSimulator.ActiveCfg = Debug|Any CPU
		{42EF6326-4156-4157-A211-CE1953827D58}.Debug|iPhoneSimulator.Build.0 = Debug|Any CPU
		{42EF6326-4156-4157-A211-CE1953827D58}.Release|Any CPU.ActiveCfg = Release|Any CPU
		{42EF6326-4156-4157-A211-CE1953827D58}.Release|Any CPU.Build.0 = Release|Any CPU
		{42EF6326-4156-4157-A211-CE1953827D58}.Release|iPhone.ActiveCfg = Release|Any CPU
		{42EF6326-4156-4157-A211-CE1953827D58}.Release|iPhone.Build.0 = Release|Any CPU
		{42EF6326-4156-4157-A211-CE1953827D58}.Release|iPhoneSimulator.ActiveCfg = Release|Any CPU
		{42EF6326-4156-4157-A211-CE1953827D58}.Release|iPhoneSimulator.Build.0 = Release|Any CPU
		{42EF6326-4156-4157-A211-CE1953827D58}.Wasm|Any CPU.ActiveCfg = Debug|Any CPU
		{42EF6326-4156-4157-A211-CE1953827D58}.Wasm|Any CPU.Build.0 = Debug|Any CPU
		{42EF6326-4156-4157-A211-CE1953827D58}.Wasm|iPhone.ActiveCfg = Debug|Any CPU
		{42EF6326-4156-4157-A211-CE1953827D58}.Wasm|iPhone.Build.0 = Debug|Any CPU
		{42EF6326-4156-4157-A211-CE1953827D58}.Wasm|iPhoneSimulator.ActiveCfg = Debug|Any CPU
		{42EF6326-4156-4157-A211-CE1953827D58}.Wasm|iPhoneSimulator.Build.0 = Debug|Any CPU
		{7ACD450D-64F4-4001-8180-98CA4B951C5A}.Debug|Any CPU.ActiveCfg = Debug|Any CPU
		{7ACD450D-64F4-4001-8180-98CA4B951C5A}.Debug|Any CPU.Build.0 = Debug|Any CPU
		{7ACD450D-64F4-4001-8180-98CA4B951C5A}.Debug|iPhone.ActiveCfg = Debug|Any CPU
		{7ACD450D-64F4-4001-8180-98CA4B951C5A}.Debug|iPhone.Build.0 = Debug|Any CPU
		{7ACD450D-64F4-4001-8180-98CA4B951C5A}.Debug|iPhoneSimulator.ActiveCfg = Debug|Any CPU
		{7ACD450D-64F4-4001-8180-98CA4B951C5A}.Debug|iPhoneSimulator.Build.0 = Debug|Any CPU
		{7ACD450D-64F4-4001-8180-98CA4B951C5A}.Release|Any CPU.ActiveCfg = Release|Any CPU
		{7ACD450D-64F4-4001-8180-98CA4B951C5A}.Release|Any CPU.Build.0 = Release|Any CPU
		{7ACD450D-64F4-4001-8180-98CA4B951C5A}.Release|iPhone.ActiveCfg = Release|Any CPU
		{7ACD450D-64F4-4001-8180-98CA4B951C5A}.Release|iPhone.Build.0 = Release|Any CPU
		{7ACD450D-64F4-4001-8180-98CA4B951C5A}.Release|iPhoneSimulator.ActiveCfg = Release|Any CPU
		{7ACD450D-64F4-4001-8180-98CA4B951C5A}.Release|iPhoneSimulator.Build.0 = Release|Any CPU
		{7ACD450D-64F4-4001-8180-98CA4B951C5A}.Wasm|Any CPU.ActiveCfg = Debug|Any CPU
		{7ACD450D-64F4-4001-8180-98CA4B951C5A}.Wasm|Any CPU.Build.0 = Debug|Any CPU
		{7ACD450D-64F4-4001-8180-98CA4B951C5A}.Wasm|iPhone.ActiveCfg = Debug|Any CPU
		{7ACD450D-64F4-4001-8180-98CA4B951C5A}.Wasm|iPhone.Build.0 = Debug|Any CPU
		{7ACD450D-64F4-4001-8180-98CA4B951C5A}.Wasm|iPhoneSimulator.ActiveCfg = Debug|Any CPU
		{7ACD450D-64F4-4001-8180-98CA4B951C5A}.Wasm|iPhoneSimulator.Build.0 = Debug|Any CPU
		{022C1DAB-D2C5-4410-985A-A922A4A3D200}.Debug|Any CPU.ActiveCfg = Debug|Any CPU
		{022C1DAB-D2C5-4410-985A-A922A4A3D200}.Debug|Any CPU.Build.0 = Debug|Any CPU
		{022C1DAB-D2C5-4410-985A-A922A4A3D200}.Debug|iPhone.ActiveCfg = Debug|Any CPU
		{022C1DAB-D2C5-4410-985A-A922A4A3D200}.Debug|iPhone.Build.0 = Debug|Any CPU
		{022C1DAB-D2C5-4410-985A-A922A4A3D200}.Debug|iPhoneSimulator.ActiveCfg = Debug|Any CPU
		{022C1DAB-D2C5-4410-985A-A922A4A3D200}.Debug|iPhoneSimulator.Build.0 = Debug|Any CPU
		{022C1DAB-D2C5-4410-985A-A922A4A3D200}.Release|Any CPU.ActiveCfg = Release|Any CPU
		{022C1DAB-D2C5-4410-985A-A922A4A3D200}.Release|Any CPU.Build.0 = Release|Any CPU
		{022C1DAB-D2C5-4410-985A-A922A4A3D200}.Release|iPhone.ActiveCfg = Release|Any CPU
		{022C1DAB-D2C5-4410-985A-A922A4A3D200}.Release|iPhone.Build.0 = Release|Any CPU
		{022C1DAB-D2C5-4410-985A-A922A4A3D200}.Release|iPhoneSimulator.ActiveCfg = Release|Any CPU
		{022C1DAB-D2C5-4410-985A-A922A4A3D200}.Release|iPhoneSimulator.Build.0 = Release|Any CPU
		{022C1DAB-D2C5-4410-985A-A922A4A3D200}.Wasm|Any CPU.ActiveCfg = Debug|Any CPU
		{022C1DAB-D2C5-4410-985A-A922A4A3D200}.Wasm|Any CPU.Build.0 = Debug|Any CPU
		{022C1DAB-D2C5-4410-985A-A922A4A3D200}.Wasm|iPhone.ActiveCfg = Debug|Any CPU
		{022C1DAB-D2C5-4410-985A-A922A4A3D200}.Wasm|iPhone.Build.0 = Debug|Any CPU
		{022C1DAB-D2C5-4410-985A-A922A4A3D200}.Wasm|iPhoneSimulator.ActiveCfg = Debug|Any CPU
		{022C1DAB-D2C5-4410-985A-A922A4A3D200}.Wasm|iPhoneSimulator.Build.0 = Debug|Any CPU
		{31D8888E-C4D2-41C3-AFF9-CEAF4C2F776B}.Debug|Any CPU.ActiveCfg = Debug|Any CPU
		{31D8888E-C4D2-41C3-AFF9-CEAF4C2F776B}.Debug|Any CPU.Build.0 = Debug|Any CPU
		{31D8888E-C4D2-41C3-AFF9-CEAF4C2F776B}.Debug|iPhone.ActiveCfg = Debug|Any CPU
		{31D8888E-C4D2-41C3-AFF9-CEAF4C2F776B}.Debug|iPhone.Build.0 = Debug|Any CPU
		{31D8888E-C4D2-41C3-AFF9-CEAF4C2F776B}.Debug|iPhoneSimulator.ActiveCfg = Debug|Any CPU
		{31D8888E-C4D2-41C3-AFF9-CEAF4C2F776B}.Debug|iPhoneSimulator.Build.0 = Debug|Any CPU
		{31D8888E-C4D2-41C3-AFF9-CEAF4C2F776B}.Release|Any CPU.ActiveCfg = Release|Any CPU
		{31D8888E-C4D2-41C3-AFF9-CEAF4C2F776B}.Release|Any CPU.Build.0 = Release|Any CPU
		{31D8888E-C4D2-41C3-AFF9-CEAF4C2F776B}.Release|iPhone.ActiveCfg = Release|Any CPU
		{31D8888E-C4D2-41C3-AFF9-CEAF4C2F776B}.Release|iPhone.Build.0 = Release|Any CPU
		{31D8888E-C4D2-41C3-AFF9-CEAF4C2F776B}.Release|iPhoneSimulator.ActiveCfg = Release|Any CPU
		{31D8888E-C4D2-41C3-AFF9-CEAF4C2F776B}.Release|iPhoneSimulator.Build.0 = Release|Any CPU
		{31D8888E-C4D2-41C3-AFF9-CEAF4C2F776B}.Wasm|Any CPU.ActiveCfg = Debug|Any CPU
		{31D8888E-C4D2-41C3-AFF9-CEAF4C2F776B}.Wasm|Any CPU.Build.0 = Debug|Any CPU
		{31D8888E-C4D2-41C3-AFF9-CEAF4C2F776B}.Wasm|iPhone.ActiveCfg = Debug|Any CPU
		{31D8888E-C4D2-41C3-AFF9-CEAF4C2F776B}.Wasm|iPhone.Build.0 = Debug|Any CPU
		{31D8888E-C4D2-41C3-AFF9-CEAF4C2F776B}.Wasm|iPhoneSimulator.ActiveCfg = Debug|Any CPU
		{31D8888E-C4D2-41C3-AFF9-CEAF4C2F776B}.Wasm|iPhoneSimulator.Build.0 = Debug|Any CPU
	EndGlobalSection
	GlobalSection(SolutionProperties) = preSolution
		HideSolutionNode = FALSE
	EndGlobalSection
	GlobalSection(ExtensibilityGlobals) = postSolution
		SolutionGuid = {1D016F15-46FE-4726-8DFD-2E4FD4DC7668}
	EndGlobalSection
EndGlobal
