Microsoft Visual Studio Solution File, Format Version 12.00
# Visual Studio Version 16
VisualStudioVersion = 16.0.0.0
MinimumVisualStudioVersion = 16.0.0.0
Project("{9A19103F-16F7-4668-BE54-9A1E7A4F7556}") = "Mobile.Blazor.Chathubs", "Mobile.Blazor.Chathubs\Mobile.Blazor.Chathubs.csproj", "{A52E9358-9F8F-4FF6-944D-098D06459E69}"
EndProject
Project("{FAE04EC0-301F-11D3-BF4B-00C04F79EFBC}") = "Mobile.Blazor.Chathubs.Android", "Mobile.Blazor.Chathubs.Android\Mobile.Blazor.Chathubs.Android.csproj", "{C6515658-F2E0-411E-B3C1-7BC91EAC273F}"
EndProject
Project("{FAE04EC0-301F-11D3-BF4B-00C04F79EFBC}") = "Mobile.Blazor.Chathubs.iOS", "Mobile.Blazor.Chathubs.iOS\Mobile.Blazor.Chathubs.iOS.csproj", "{198B82CF-7FB6-407E-BA1C-E7D9F28A821B}"
EndProject
Global
	GlobalSection(SolutionConfigurationPlatforms) = preSolution
		Debug|Any CPU = Debug|Any CPU
		Debug|iPhone = Debug|iPhone
		Debug|iPhoneSimulator = Debug|iPhoneSimulator
		Debug|x64 = Debug|x64
		Debug|x86 = Debug|x86
		Release|Any CPU = Release|Any CPU
		Release|iPhone = Release|iPhone
		Release|iPhoneSimulator = Release|iPhoneSimulator
		Release|x64 = Release|x64
		Release|x86 = Release|x86
	EndGlobalSection
	GlobalSection(ProjectConfigurationPlatforms) = postSolution
		{C6515658-F2E0-411E-B3C1-7BC91EAC273F}.Debug|Any CPU.ActiveCfg = Debug|Any CPU
		{C6515658-F2E0-411E-B3C1-7BC91EAC273F}.Debug|Any CPU.Build.0 = Debug|Any CPU
		{C6515658-F2E0-411E-B3C1-7BC91EAC273F}.Debug|Any CPU.Deploy.0 = Debug|Any CPU
		{C6515658-F2E0-411E-B3C1-7BC91EAC273F}.Debug|iPhone.ActiveCfg = Debug|Any CPU
		{C6515658-F2E0-411E-B3C1-7BC91EAC273F}.Debug|iPhone.Build.0 = Debug|Any CPU
		{C6515658-F2E0-411E-B3C1-7BC91EAC273F}.Debug|iPhone.Deploy.0 = Debug|Any CPU
		{C6515658-F2E0-411E-B3C1-7BC91EAC273F}.Debug|iPhoneSimulator.ActiveCfg = Debug|Any CPU
		{C6515658-F2E0-411E-B3C1-7BC91EAC273F}.Debug|iPhoneSimulator.Build.0 = Debug|Any CPU
		{C6515658-F2E0-411E-B3C1-7BC91EAC273F}.Debug|iPhoneSimulator.Deploy.0 = Debug|Any CPU
		{C6515658-F2E0-411E-B3C1-7BC91EAC273F}.Debug|x64.ActiveCfg = Debug|Any CPU
		{C6515658-F2E0-411E-B3C1-7BC91EAC273F}.Debug|x64.Build.0 = Debug|Any CPU
		{C6515658-F2E0-411E-B3C1-7BC91EAC273F}.Debug|x64.Deploy.0 = Debug|Any CPU
		{C6515658-F2E0-411E-B3C1-7BC91EAC273F}.Debug|x86.ActiveCfg = Debug|Any CPU
		{C6515658-F2E0-411E-B3C1-7BC91EAC273F}.Debug|x86.Build.0 = Debug|Any CPU
		{C6515658-F2E0-411E-B3C1-7BC91EAC273F}.Debug|x86.Deploy.0 = Debug|Any CPU
		{C6515658-F2E0-411E-B3C1-7BC91EAC273F}.Release|Any CPU.ActiveCfg = Release|Any CPU
		{C6515658-F2E0-411E-B3C1-7BC91EAC273F}.Release|Any CPU.Build.0 = Release|Any CPU
		{C6515658-F2E0-411E-B3C1-7BC91EAC273F}.Release|Any CPU.Deploy.0 = Release|Any CPU
		{C6515658-F2E0-411E-B3C1-7BC91EAC273F}.Release|iPhone.ActiveCfg = Release|Any CPU
		{C6515658-F2E0-411E-B3C1-7BC91EAC273F}.Release|iPhone.Build.0 = Release|Any CPU
		{C6515658-F2E0-411E-B3C1-7BC91EAC273F}.Release|iPhone.Deploy.0 = Release|Any CPU
		{C6515658-F2E0-411E-B3C1-7BC91EAC273F}.Release|iPhoneSimulator.ActiveCfg = Release|Any CPU
		{C6515658-F2E0-411E-B3C1-7BC91EAC273F}.Release|iPhoneSimulator.Build.0 = Release|Any CPU
		{C6515658-F2E0-411E-B3C1-7BC91EAC273F}.Release|iPhoneSimulator.Deploy.0 = Release|Any CPU
		{C6515658-F2E0-411E-B3C1-7BC91EAC273F}.Release|x64.ActiveCfg = Release|Any CPU
		{C6515658-F2E0-411E-B3C1-7BC91EAC273F}.Release|x64.Build.0 = Release|Any CPU
		{C6515658-F2E0-411E-B3C1-7BC91EAC273F}.Release|x64.Deploy.0 = Release|Any CPU
		{C6515658-F2E0-411E-B3C1-7BC91EAC273F}.Release|x86.ActiveCfg = Release|Any CPU
		{C6515658-F2E0-411E-B3C1-7BC91EAC273F}.Release|x86.Build.0 = Release|Any CPU
		{C6515658-F2E0-411E-B3C1-7BC91EAC273F}.Release|x86.Deploy.0 = Release|Any CPU
		{A52E9358-9F8F-4FF6-944D-098D06459E69}.Debug|Any CPU.ActiveCfg = Debug|Any CPU
		{A52E9358-9F8F-4FF6-944D-098D06459E69}.Debug|Any CPU.Build.0 = Debug|Any CPU
		{A52E9358-9F8F-4FF6-944D-098D06459E69}.Debug|iPhone.ActiveCfg = Debug|Any CPU
		{A52E9358-9F8F-4FF6-944D-098D06459E69}.Debug|iPhone.Build.0 = Debug|Any CPU
		{A52E9358-9F8F-4FF6-944D-098D06459E69}.Debug|iPhoneSimulator.ActiveCfg = Debug|Any CPU
		{A52E9358-9F8F-4FF6-944D-098D06459E69}.Debug|iPhoneSimulator.Build.0 = Debug|Any CPU
		{A52E9358-9F8F-4FF6-944D-098D06459E69}.Debug|x64.ActiveCfg = Debug|Any CPU
		{A52E9358-9F8F-4FF6-944D-098D06459E69}.Debug|x64.Build.0 = Debug|Any CPU
		{A52E9358-9F8F-4FF6-944D-098D06459E69}.Debug|x86.ActiveCfg = Debug|Any CPU
		{A52E9358-9F8F-4FF6-944D-098D06459E69}.Debug|x86.Build.0 = Debug|Any CPU
		{A52E9358-9F8F-4FF6-944D-098D06459E69}.Release|Any CPU.ActiveCfg = Release|Any CPU
		{A52E9358-9F8F-4FF6-944D-098D06459E69}.Release|Any CPU.Build.0 = Release|Any CPU
		{A52E9358-9F8F-4FF6-944D-098D06459E69}.Release|iPhone.ActiveCfg = Release|Any CPU
		{A52E9358-9F8F-4FF6-944D-098D06459E69}.Release|iPhone.Build.0 = Release|Any CPU
		{A52E9358-9F8F-4FF6-944D-098D06459E69}.Release|iPhoneSimulator.ActiveCfg = Release|Any CPU
		{A52E9358-9F8F-4FF6-944D-098D06459E69}.Release|iPhoneSimulator.Build.0 = Release|Any CPU
		{A52E9358-9F8F-4FF6-944D-098D06459E69}.Release|x64.ActiveCfg = Release|Any CPU
		{A52E9358-9F8F-4FF6-944D-098D06459E69}.Release|x64.Build.0 = Release|Any CPU
		{A52E9358-9F8F-4FF6-944D-098D06459E69}.Release|x86.ActiveCfg = Release|Any CPU
		{A52E9358-9F8F-4FF6-944D-098D06459E69}.Release|x86.Build.0 = Release|Any CPU
		{198B82CF-7FB6-407E-BA1C-E7D9F28A821B}.Debug|Any CPU.ActiveCfg = Debug|iPhone
		{198B82CF-7FB6-407E-BA1C-E7D9F28A821B}.Debug|iPhone.ActiveCfg = Debug|iPhone
		{198B82CF-7FB6-407E-BA1C-E7D9F28A821B}.Debug|iPhone.Build.0 = Debug|iPhone
		{198B82CF-7FB6-407E-BA1C-E7D9F28A821B}.Debug|iPhoneSimulator.ActiveCfg = Debug|iPhoneSimulator
		{198B82CF-7FB6-407E-BA1C-E7D9F28A821B}.Debug|iPhoneSimulator.Build.0 = Debug|iPhoneSimulator
		{198B82CF-7FB6-407E-BA1C-E7D9F28A821B}.Debug|x64.ActiveCfg = Debug|iPhone
		{198B82CF-7FB6-407E-BA1C-E7D9F28A821B}.Debug|x86.ActiveCfg = Debug|iPhone
		{198B82CF-7FB6-407E-BA1C-E7D9F28A821B}.Release|Any CPU.ActiveCfg = Release|iPhone
		{198B82CF-7FB6-407E-BA1C-E7D9F28A821B}.Release|iPhone.ActiveCfg = Release|iPhone
		{198B82CF-7FB6-407E-BA1C-E7D9F28A821B}.Release|iPhone.Build.0 = Release|iPhone
		{198B82CF-7FB6-407E-BA1C-E7D9F28A821B}.Release|iPhoneSimulator.ActiveCfg = Release|iPhoneSimulator
		{198B82CF-7FB6-407E-BA1C-E7D9F28A821B}.Release|iPhoneSimulator.Build.0 = Release|iPhoneSimulator
		{198B82CF-7FB6-407E-BA1C-E7D9F28A821B}.Release|x64.ActiveCfg = Release|iPhone
		{198B82CF-7FB6-407E-BA1C-E7D9F28A821B}.Release|x86.ActiveCfg = Release|iPhone
	EndGlobalSection
	GlobalSection(SolutionProperties) = preSolution
		HideSolutionNode = FALSE
	EndGlobalSection
	GlobalSection(ExtensibilityGlobals) = postSolution
		SolutionGuid = {4CE22497-809B-4AF6-9B13-0B1E74461F93}
	EndGlobalSection
EndGlobal
